
Microsoft Visual Studio Solution File, Format Version 12.00
# Visual Studio Version 16
VisualStudioVersion = 16.0.29609.76
MinimumVisualStudioVersion = 10.0.40219.1
Project("{FAE04EC0-301F-11D3-BF4B-00C04F79EFBC}") = "webaddvert.web", "webaddvert.web.csproj", "{7DADB06E-6440-42D3-84C6-A0DAB1475A63}"
EndProject
Global
	GlobalSection(SolutionConfigurationPlatforms) = preSolution
		Debug|Any CPU = Debug|Any CPU
		Release|Any CPU = Release|Any CPU
	EndGlobalSection
	GlobalSection(ProjectConfigurationPlatforms) = postSolution
		{7DADB06E-6440-42D3-84C6-A0DAB1475A63}.Debug|Any CPU.ActiveCfg = Debug|Any CPU
		{7DADB06E-6440-42D3-84C6-A0DAB1475A63}.Debug|Any CPU.Build.0 = Debug|Any CPU
		{7DADB06E-6440-42D3-84C6-A0DAB1475A63}.Release|Any CPU.ActiveCfg = Release|Any CPU
		{7DADB06E-6440-42D3-84C6-A0DAB1475A63}.Release|Any CPU.Build.0 = Release|Any CPU
	EndGlobalSection
	GlobalSection(SolutionProperties) = preSolution
		HideSolutionNode = FALSE
	EndGlobalSection
	GlobalSection(ExtensibilityGlobals) = postSolution
		SolutionGuid = {C6E09C3C-2E94-49F0-902D-21443F2424C6}
	EndGlobalSection
EndGlobal
